<Project ToolsVersion="4.0" xmlns="http://schemas.microsoft.com/developer/msbuild/2003">
  <ItemGroup>
    <Filter Include="Source Files">
      <UniqueIdentifier>{4FC737F1-C7A5-4376-A066-2A32D752A2FF}</UniqueIdentifier>
      <Extensions>cpp;c;cc;cxx;def;odl;idl;hpj;bat;asm;asmx</Extensions>
    </Filter>
    <Filter Include="Header Files">
      <UniqueIdentifier>{93995380-89BD-4b04-88EB-625FBE52EBFB}</UniqueIdentifier>
      <Extensions>h;hpp;hxx;hm;inl;inc;xsd</Extensions>
    </Filter>
    <Filter Include="Resource Files">
      <UniqueIdentifier>{67DA6AB6-F800-4c08-8B7A-83BB121AAD01}</UniqueIdentifier>
      <Extensions>rc;ico;cur;bmp;dlg;rc2;rct;bin;rgs;gif;jpg;jpeg;jpe;resx;tiff;tif;png;wav</Extensions>
    </Filter>
    <Filter Include="Blocks">
      <UniqueIdentifier>{BBB2595F-F67D-4B0D-96BE-01B75C017E7D}</UniqueIdentifier>
    </Filter>
    <Filter Include="Blocks\ImGui">
      <UniqueIdentifier>{499FDB9F-F06D-4FA3-89AE-07D34DE17CB3}</UniqueIdentifier>
    </Filter>
    <Filter Include="Blocks\ImGui\include">
      <UniqueIdentifier>{EC2B84B2-6050-4EF5-BC70-2D36D5262EFD}</UniqueIdentifier>
    </Filter>
    <Filter Include="Blocks\ImGui\lib">
      <UniqueIdentifier>{FF32B828-BCE8-43BC-B6D3-FD05943D11D6}</UniqueIdentifier>
    </Filter>
    <Filter Include="Blocks\ImGui\lib\imgui">
      <UniqueIdentifier>{D5E0654E-63D5-4066-8DEA-431E057D11EA}</UniqueIdentifier>
    </Filter>
    <Filter Include="Blocks\ImGui\src">
      <UniqueIdentifier>{6F45F2C3-E116-48E0-8873-227C336E656C}</UniqueIdentifier>
    </Filter>
    <Filter Include="Blocks\Midi2">
      <UniqueIdentifier>{4F543760-83BA-49F6-91E6-6138CF0C77C2}</UniqueIdentifier>
    </Filter>
    <Filter Include="Blocks\Midi2\include">
      <UniqueIdentifier>{A9F63751-95B4-47DF-BBE3-AC136DD2CF0A}</UniqueIdentifier>
    </Filter>
    <Filter Include="Blocks\Midi2\lib">
      <UniqueIdentifier>{7C919605-6AA0-44C4-825A-285D5A5F13A1}</UniqueIdentifier>
    </Filter>
    <Filter Include="Blocks\Midi2\src">
      <UniqueIdentifier>{301F5C0C-3F4D-45EA-BB92-9D51C922409A}</UniqueIdentifier>
    </Filter>
    <Filter Include="Blocks\Cinder-WebSocketPP">
      <UniqueIdentifier>{BC82E9F2-78C8-4E43-982B-806E6F278C6F}</UniqueIdentifier>
    </Filter>
    <Filter Include="Blocks\Cinder-WebSocketPP\src">
      <UniqueIdentifier>{8AA7EE02-FCCB-4320-B698-26E7A92049C2}</UniqueIdentifier>
    </Filter>
  </ItemGroup>
  <ItemGroup>
    <ClCompile Include="..\src\VideodrommImagesApp.cpp">
      <Filter>Source Files</Filter>
    </ClCompile>
    <ClInclude Include="..\include\Resources.h">
      <Filter>Header Files</Filter>
    </ClInclude>
    <ClCompile Include="..\src\VideodrommImagesApp.cpp">
      <Filter>Source Files</Filter>
    </ClCompile>
    <ClInclude Include="..\..\..\Cinder\blocks\Cinder-ImGui\include\CinderImGui.h">
      <Filter>Blocks\ImGui\include</Filter>
    </ClInclude>
    <ClInclude Include="..\..\..\Cinder\blocks\Cinder-ImGui\include\imgui_user.h">
      <Filter>Blocks\ImGui\include</Filter>
    </ClInclude>
    <ClInclude Include="..\..\..\Cinder\blocks\Cinder-ImGui\include\imgui_user.inl">
      <Filter>Blocks\ImGui\include</Filter>
    </ClInclude>
    <ClInclude Include="..\..\..\Cinder\blocks\Cinder-ImGui\lib\imgui\imconfig.h">
      <Filter>Blocks\ImGui\lib\imgui</Filter>
    </ClInclude>
    <ClInclude Include="..\..\..\Cinder\blocks\Cinder-ImGui\lib\imgui\imgui.h">
      <Filter>Blocks\ImGui\lib\imgui</Filter>
    </ClInclude>
    <ClInclude Include="..\..\..\Cinder\blocks\Cinder-ImGui\lib\imgui\imgui_internal.h">
      <Filter>Blocks\ImGui\lib\imgui</Filter>
    </ClInclude>
    <ClCompile Include="..\..\..\Cinder\blocks\Cinder-ImGui\src\CinderImGui.cpp">
      <Filter>Blocks\ImGui\src</Filter>
    </ClCompile>
    <ClCompile Include="..\..\..\Cinder\blocks\Cinder-ImGui\lib\imgui\imgui.cpp">
      <Filter>Blocks\ImGui\lib\imgui</Filter>
    </ClCompile>
    <ClCompile Include="..\..\..\Cinder\blocks\Cinder-ImGui\lib\imgui\imgui_draw.cpp">
      <Filter>Blocks\ImGui\lib\imgui</Filter>
    </ClCompile>
    <ClCompile Include="..\..\..\Cinder\blocks\Cinder-ImGui\lib\imgui\imgui_demo.cpp">
      <Filter>Blocks\ImGui\lib\imgui</Filter>
    </ClCompile>
    <ClInclude Include="..\..\..\Cinder\blocks\Cinder-MIDI2\include\MidiConstants.h">
      <Filter>Blocks\Midi2\include</Filter>
    </ClInclude>
    <ClInclude Include="..\..\..\Cinder\blocks\Cinder-MIDI2\include\MidiExceptions.h">
      <Filter>Blocks\Midi2\include</Filter>
    </ClInclude>
    <ClInclude Include="..\..\..\Cinder\blocks\Cinder-MIDI2\include\MidiHeaders.h">
      <Filter>Blocks\Midi2\include</Filter>
    </ClInclude>
    <ClInclude Include="..\..\..\Cinder\blocks\Cinder-MIDI2\include\MidiHub.h">
      <Filter>Blocks\Midi2\include</Filter>
    </ClInclude>
    <ClInclude Include="..\..\..\Cinder\blocks\Cinder-MIDI2\include\MidiIn.h">
      <Filter>Blocks\Midi2\include</Filter>
    </ClInclude>
    <ClInclude Include="..\..\..\Cinder\blocks\Cinder-MIDI2\include\MidiMessage.h">
      <Filter>Blocks\Midi2\include</Filter>
    </ClInclude>
    <ClInclude Include="..\..\..\Cinder\blocks\Cinder-MIDI2\include\MidiOut.h">
      <Filter>Blocks\Midi2\include</Filter>
    </ClInclude>
    <ClInclude Include="..\..\..\Cinder\blocks\Cinder-MIDI2\lib\RtError.h">
      <Filter>Blocks\Midi2\lib</Filter>
    </ClInclude>
    <ClInclude Include="..\..\..\Cinder\blocks\Cinder-MIDI2\lib\RtMidi.h">
      <Filter>Blocks\Midi2\lib</Filter>
    </ClInclude>
    <ClCompile Include="..\..\..\Cinder\blocks\Cinder-MIDI2\src\MidiHub.cpp">
      <Filter>Blocks\Midi2\src</Filter>
    </ClCompile>
    <ClCompile Include="..\..\..\Cinder\blocks\Cinder-MIDI2\src\MidiIn.cpp">
      <Filter>Blocks\Midi2\src</Filter>
    </ClCompile>
    <ClCompile Include="..\..\..\Cinder\blocks\Cinder-MIDI2\src\MidiMessage.cpp">
      <Filter>Blocks\Midi2\src</Filter>
    </ClCompile>
    <ClCompile Include="..\..\..\Cinder\blocks\Cinder-MIDI2\src\MidiOut.cpp">
      <Filter>Blocks\Midi2\src</Filter>
    </ClCompile>
    <ClCompile Include="..\..\..\Cinder\blocks\Cinder-MIDI2\lib\RtMidi.cpp">
      <Filter>Blocks\Midi2\lib</Filter>
    </ClCompile>
    <ClCompile Include="..\..\..\Cinder\blocks\Cinder-WebSocketPP\src\WebSocketClient.cpp">
      <Filter>Blocks\Cinder-WebSocketPP\src</Filter>
    </ClCompile>
    <ClCompile Include="..\..\..\Cinder\blocks\Cinder-WebSocketPP\src\WebSocketConnection.cpp">
      <Filter>Blocks\Cinder-WebSocketPP\src</Filter>
    </ClCompile>
    <ClCompile Include="..\..\..\Cinder\blocks\Cinder-WebSocketPP\src\WebSocketServer.cpp">
      <Filter>Blocks\Cinder-WebSocketPP\src</Filter>
    </ClCompile>
    <ClInclude Include="..\..\..\Cinder\blocks\Cinder-WebSocketPP\src\WebSocketClient.h">
      <Filter>Blocks\Cinder-WebSocketPP\src</Filter>
    </ClInclude>
    <ClInclude Include="..\..\..\Cinder\blocks\Cinder-WebSocketPP\src\WebSocketConnection.h">
      <Filter>Blocks\Cinder-WebSocketPP\src</Filter>
    </ClInclude>
    <ClInclude Include="..\..\..\Cinder\blocks\Cinder-WebSocketPP\src\WebSocketServer.h">
      <Filter>Blocks\Cinder-WebSocketPP\src</Filter>
    </ClInclude>
    <ClCompile Include="..\src\VDAnimation.cpp">
      <Filter>Source Files</Filter>
    </ClCompile>
    <ClCompile Include="..\src\VDSession.cpp">
      <Filter>Source Files</Filter>
    </ClCompile>
    <ClCompile Include="..\src\VDSettings.cpp">
      <Filter>Source Files</Filter>
    </ClCompile>
    <ClCompile Include="..\src\LiveParam.cpp">
      <Filter>Source Files</Filter>
    </ClCompile>
    <ClCompile Include="..\src\VDTexture.cpp">
      <Filter>Source Files</Filter>
    </ClCompile>
    <ClCompile Include="..\src\VDFbo.cpp">
      <Filter>Source Files</Filter>
    </ClCompile>
    <ClCompile Include="..\src\VDLog.cpp">
      <Filter>Source Files</Filter>
    </ClCompile>
    <ClCompile Include="..\src\VDMix.cpp">
      <Filter>Source Files</Filter>
    </ClCompile>
    <ClCompile Include="..\src\VDRouter.cpp">
      <Filter>Source Files</Filter>
    </ClCompile>
    <ClCompile Include="..\src\VDUtils.cpp">
      <Filter>Source Files</Filter>
    </ClCompile>
    <ClCompile Include="..\src\VDWebsocket.cpp">
      <Filter>Source Files</Filter>
    </ClCompile>
    <ClCompile Include="..\src\VDShader.cpp">
      <Filter>Source Files</Filter>
    </ClCompile>
  </ItemGroup>
  <ItemGroup>
    <ClInclude Include="..\include\Resources.h">
      <Filter>Header Files</Filter>
    </ClInclude>
    <ClInclude Include="..\include\VDAnimation.h">
      <Filter>Header Files</Filter>
    </ClInclude>
    <ClInclude Include="..\include\VDSession.h">
      <Filter>Header Files</Filter>
    </ClInclude>
    <ClInclude Include="..\include\VDSettings.h">
      <Filter>Header Files</Filter>
    </ClInclude>
    <ClInclude Include="..\include\LiveParam.h">
      <Filter>Header Files</Filter>
    </ClInclude>
    <ClInclude Include="..\include\VDTexture.h">
      <Filter>Header Files</Filter>
    </ClInclude>
    <ClInclude Include="..\include\VDLog.h">
      <Filter>Header Files</Filter>
    </ClInclude>
    <ClInclude Include="..\include\VDMix.h">
      <Filter>Header Files</Filter>
    </ClInclude>
    <ClInclude Include="..\include\VDRouter.h">
      <Filter>Header Files</Filter>
    </ClInclude>
    <ClInclude Include="..\include\VDUtils.h">
      <Filter>Header Files</Filter>
    </ClInclude>
    <ClInclude Include="..\include\VDWebsocket.h">
      <Filter>Header Files</Filter>
    </ClInclude>
    <ClInclude Include="..\include\Watchdog.h">
      <Filter>Header Files</Filter>
    </ClInclude>
    <ClInclude Include="..\include\VDFbo.h">
      <Filter>Header Files</Filter>
    </ClInclude>
    <ClInclude Include="..\include\VDShader.h">
      <Filter>Header Files</Filter>
    </ClInclude>
  </ItemGroup>
  <ItemGroup>
    <ResourceCompile Include="Resources.rc">
      <Filter>Resource Files</Filter>
    </ResourceCompile>
  </ItemGroup>
</Project>